// !$*UTF8*$!
{
	archiveVersion = 1;
	classes = {
	};
	objectVersion = 46;
	objects = {

/* Begin PBXBuildFile section */
		31BF49971D07D52E004F05C4 /* AppDelegate.swift in Sources */ = {isa = PBXBuildFile; fileRef = 31BF49961D07D52E004F05C4 /* AppDelegate.swift */; };
		31BF49991D07D52E004F05C4 /* ViewController.swift in Sources */ = {isa = PBXBuildFile; fileRef = 31BF49981D07D52E004F05C4 /* ViewController.swift */; };
		31BF499C1D07D52E004F05C4 /* Main.storyboard in Resources */ = {isa = PBXBuildFile; fileRef = 31BF499A1D07D52E004F05C4 /* Main.storyboard */; };
		31BF499E1D07D52E004F05C4 /* Assets.xcassets in Resources */ = {isa = PBXBuildFile; fileRef = 31BF499D1D07D52E004F05C4 /* Assets.xcassets */; };
		31BF49A11D07D52E004F05C4 /* LaunchScreen.storyboard in Resources */ = {isa = PBXBuildFile; fileRef = 31BF499F1D07D52E004F05C4 /* LaunchScreen.storyboard */; };
		31BF49AC1D07D52F004F05C4 /* Is_it_PrimeTests.swift in Sources */ = {isa = PBXBuildFile; fileRef = 31BF49AB1D07D52F004F05C4 /* Is_it_PrimeTests.swift */; };
		31BF49B71D07D52F004F05C4 /* Is_it_PrimeUITests.swift in Sources */ = {isa = PBXBuildFile; fileRef = 31BF49B61D07D52F004F05C4 /* Is_it_PrimeUITests.swift */; };
/* End PBXBuildFile section */

/* Begin PBXContainerItemProxy section */
		31BF49A81D07D52F004F05C4 /* PBXContainerItemProxy */ = {
			isa = PBXContainerItemProxy;
			containerPortal = 31BF498B1D07D52E004F05C4 /* Project object */;
			proxyType = 1;
			remoteGlobalIDString = 31BF49921D07D52E004F05C4;
			remoteInfo = "Is it Prime";
		};
		31BF49B31D07D52F004F05C4 /* PBXContainerItemProxy */ = {
			isa = PBXContainerItemProxy;
			containerPortal = 31BF498B1D07D52E004F05C4 /* Project object */;
			proxyType = 1;
			remoteGlobalIDString = 31BF49921D07D52E004F05C4;
			remoteInfo = "Is it Prime";
		};
/* End PBXContainerItemProxy section */

/* Begin PBXFileReference section */
		31BF49931D07D52E004F05C4 /* Is it Prime.app */ = {isa = PBXFileReference; explicitFileType = wrapper.application; includeInIndex = 0; path = "Is it Prime.app"; sourceTree = BUILT_PRODUCTS_DIR; };
		31BF49961D07D52E004F05C4 /* AppDelegate.swift */ = {isa = PBXFileReference; lastKnownFileType = sourcecode.swift; path = AppDelegate.swift; sourceTree = "<group>"; };
		31BF49981D07D52E004F05C4 /* ViewController.swift */ = {isa = PBXFileReference; lastKnownFileType = sourcecode.swift; path = ViewController.swift; sourceTree = "<group>"; };
		31BF499B1D07D52E004F05C4 /* Base */ = {isa = PBXFileReference; lastKnownFileType = file.storyboard; name = Base; path = Base.lproj/Main.storyboard; sourceTree = "<group>"; };
		31BF499D1D07D52E004F05C4 /* Assets.xcassets */ = {isa = PBXFileReference; lastKnownFileType = folder.assetcatalog; path = Assets.xcassets; sourceTree = "<group>"; };
		31BF49A01D07D52E004F05C4 /* Base */ = {isa = PBXFileReference; lastKnownFileType = file.storyboard; name = Base; path = Base.lproj/LaunchScreen.storyboard; sourceTree = "<group>"; };
		31BF49A21D07D52E004F05C4 /* Info.plist */ = {isa = PBXFileReference; lastKnownFileType = text.plist.xml; path = Info.plist; sourceTree = "<group>"; };
		31BF49A71D07D52F004F05C4 /* Is it PrimeTests.xctest */ = {isa = PBXFileReference; explicitFileType = wrapper.cfbundle; includeInIndex = 0; path = "Is it PrimeTests.xctest"; sourceTree = BUILT_PRODUCTS_DIR; };
		31BF49AB1D07D52F004F05C4 /* Is_it_PrimeTests.swift */ = {isa = PBXFileReference; lastKnownFileType = sourcecode.swift; path = Is_it_PrimeTests.swift; sourceTree = "<group>"; };
		31BF49AD1D07D52F004F05C4 /* Info.plist */ = {isa = PBXFileReference; lastKnownFileType = text.plist.xml; path = Info.plist; sourceTree = "<group>"; };
		31BF49B21D07D52F004F05C4 /* Is it PrimeUITests.xctest */ = {isa = PBXFileReference; explicitFileType = wrapper.cfbundle; includeInIndex = 0; path = "Is it PrimeUITests.xctest"; sourceTree = BUILT_PRODUCTS_DIR; };
		31BF49B61D07D52F004F05C4 /* Is_it_PrimeUITests.swift */ = {isa = PBXFileReference; lastKnownFileType = sourcecode.swift; path = Is_it_PrimeUITests.swift; sourceTree = "<group>"; };
		31BF49B81D07D52F004F05C4 /* Info.plist */ = {isa = PBXFileReference; lastKnownFileType = text.plist.xml; path = Info.plist; sourceTree = "<group>"; };
/* End PBXFileReference section */

/* Begin PBXFrameworksBuildPhase section */
		31BF49901D07D52E004F05C4 /* Frameworks */ = {
			isa = PBXFrameworksBuildPhase;
			buildActionMask = 2147483647;
			files = (
			);
			runOnlyForDeploymentPostprocessing = 0;
		};
		31BF49A41D07D52F004F05C4 /* Frameworks */ = {
			isa = PBXFrameworksBuildPhase;
			buildActionMask = 2147483647;
			files = (
			);
			runOnlyForDeploymentPostprocessing = 0;
		};
		31BF49AF1D07D52F004F05C4 /* Frameworks */ = {
			isa = PBXFrameworksBuildPhase;
			buildActionMask = 2147483647;
			files = (
			);
			runOnlyForDeploymentPostprocessing = 0;
		};
/* End PBXFrameworksBuildPhase section */

/* Begin PBXGroup section */
		31BF498A1D07D52E004F05C4 = {
			isa = PBXGroup;
			children = (
				31BF49951D07D52E004F05C4 /* Is it Prime */,
				31BF49AA1D07D52F004F05C4 /* Is it PrimeTests */,
				31BF49B51D07D52F004F05C4 /* Is it PrimeUITests */,
				31BF49941D07D52E004F05C4 /* Products */,
			);
			sourceTree = "<group>";
		};
		31BF49941D07D52E004F05C4 /* Products */ = {
			isa = PBXGroup;
			children = (
				31BF49931D07D52E004F05C4 /* Is it Prime.app */,
				31BF49A71D07D52F004F05C4 /* Is it PrimeTests.xctest */,
				31BF49B21D07D52F004F05C4 /* Is it PrimeUITests.xctest */,
			);
			name = Products;
			sourceTree = "<group>";
		};
		31BF49951D07D52E004F05C4 /* Is it Prime */ = {
			isa = PBXGroup;
			children = (
				31BF49961D07D52E004F05C4 /* AppDelegate.swift */,
				31BF49981D07D52E004F05C4 /* ViewController.swift */,
				31BF499A1D07D52E004F05C4 /* Main.storyboard */,
				31BF499D1D07D52E004F05C4 /* Assets.xcassets */,
				31BF499F1D07D52E004F05C4 /* LaunchScreen.storyboard */,
				31BF49A21D07D52E004F05C4 /* Info.plist */,
			);
			path = "Is it Prime";
			sourceTree = "<group>";
		};
		31BF49AA1D07D52F004F05C4 /* Is it PrimeTests */ = {
			isa = PBXGroup;
			children = (
				31BF49AB1D07D52F004F05C4 /* Is_it_PrimeTests.swift */,
				31BF49AD1D07D52F004F05C4 /* Info.plist */,
			);
			path = "Is it PrimeTests";
			sourceTree = "<group>";
		};
		31BF49B51D07D52F004F05C4 /* Is it PrimeUITests */ = {
			isa = PBXGroup;
			children = (
				31BF49B61D07D52F004F05C4 /* Is_it_PrimeUITests.swift */,
				31BF49B81D07D52F004F05C4 /* Info.plist */,
			);
			path = "Is it PrimeUITests";
			sourceTree = "<group>";
		};
/* End PBXGroup section */

/* Begin PBXNativeTarget section */
		31BF49921D07D52E004F05C4 /* Is it Prime */ = {
			isa = PBXNativeTarget;
			buildConfigurationList = 31BF49BB1D07D52F004F05C4 /* Build configuration list for PBXNativeTarget "Is it Prime" */;
			buildPhases = (
				31BF498F1D07D52E004F05C4 /* Sources */,
				31BF49901D07D52E004F05C4 /* Frameworks */,
				31BF49911D07D52E004F05C4 /* Resources */,
			);
			buildRules = (
			);
			dependencies = (
			);
			name = "Is it Prime";
			productName = "Is it Prime";
			productReference = 31BF49931D07D52E004F05C4 /* Is it Prime.app */;
			productType = "com.apple.product-type.application";
		};
		31BF49A61D07D52F004F05C4 /* Is it PrimeTests */ = {
			isa = PBXNativeTarget;
			buildConfigurationList = 31BF49BE1D07D52F004F05C4 /* Build configuration list for PBXNativeTarget "Is it PrimeTests" */;
			buildPhases = (
				31BF49A31D07D52F004F05C4 /* Sources */,
				31BF49A41D07D52F004F05C4 /* Frameworks */,
				31BF49A51D07D52F004F05C4 /* Resources */,
			);
			buildRules = (
			);
			dependencies = (
				31BF49A91D07D52F004F05C4 /* PBXTargetDependency */,
			);
			name = "Is it PrimeTests";
			productName = "Is it PrimeTests";
			productReference = 31BF49A71D07D52F004F05C4 /* Is it PrimeTests.xctest */;
			productType = "com.apple.product-type.bundle.unit-test";
		};
		31BF49B11D07D52F004F05C4 /* Is it PrimeUITests */ = {
			isa = PBXNativeTarget;
			buildConfigurationList = 31BF49C11D07D52F004F05C4 /* Build configuration list for PBXNativeTarget "Is it PrimeUITests" */;
			buildPhases = (
				31BF49AE1D07D52F004F05C4 /* Sources */,
				31BF49AF1D07D52F004F05C4 /* Frameworks */,
				31BF49B01D07D52F004F05C4 /* Resources */,
			);
			buildRules = (
			);
			dependencies = (
				31BF49B41D07D52F004F05C4 /* PBXTargetDependency */,
			);
			name = "Is it PrimeUITests";
			productName = "Is it PrimeUITests";
			productReference = 31BF49B21D07D52F004F05C4 /* Is it PrimeUITests.xctest */;
			productType = "com.apple.product-type.bundle.ui-testing";
		};
/* End PBXNativeTarget section */

/* Begin PBXProject section */
		31BF498B1D07D52E004F05C4 /* Project object */ = {
			isa = PBXProject;
			attributes = {
				LastSwiftUpdateCheck = 0730;
				LastUpgradeCheck = 0730;
				ORGANIZATIONNAME = "Nicolas Hoban";
				TargetAttributes = {
					31BF49921D07D52E004F05C4 = {
						CreatedOnToolsVersion = 7.3.1;
					};
					31BF49A61D07D52F004F05C4 = {
						CreatedOnToolsVersion = 7.3.1;
						TestTargetID = 31BF49921D07D52E004F05C4;
					};
					31BF49B11D07D52F004F05C4 = {
						CreatedOnToolsVersion = 7.3.1;
						TestTargetID = 31BF49921D07D52E004F05C4;
					};
				};
			};
			buildConfigurationList = 31BF498E1D07D52E004F05C4 /* Build configuration list for PBXProject "Is it Prime" */;
			compatibilityVersion = "Xcode 3.2";
			developmentRegion = English;
			hasScannedForEncodings = 0;
			knownRegions = (
				en,
				Base,
			);
			mainGroup = 31BF498A1D07D52E004F05C4;
			productRefGroup = 31BF49941D07D52E004F05C4 /* Products */;
			projectDirPath = "";
			projectRoot = "";
			targets = (
				31BF49921D07D52E004F05C4 /* Is it Prime */,
				31BF49A61D07D52F004F05C4 /* Is it PrimeTests */,
				31BF49B11D07D52F004F05C4 /* Is it PrimeUITests */,
			);
		};
/* End PBXProject section */

/* Begin PBXResourcesBuildPhase section */
		31BF49911D07D52E004F05C4 /* Resources */ = {
			isa = PBXResourcesBuildPhase;
			buildActionMask = 2147483647;
			files = (
				31BF49A11D07D52E004F05C4 /* LaunchScreen.storyboard in Resources */,
				31BF499E1D07D52E004F05C4 /* Assets.xcassets in Resources */,
				31BF499C1D07D52E004F05C4 /* Main.storyboard in Resources */,
			);
			runOnlyForDeploymentPostprocessing = 0;
		};
		31BF49A51D07D52F004F05C4 /* Resources */ = {
			isa = PBXResourcesBuildPhase;
			buildActionMask = 2147483647;
			files = (
			);
			runOnlyForDeploymentPostprocessing = 0;
		};
		31BF49B01D07D52F004F05C4 /* Resources */ = {
			isa = PBXResourcesBuildPhase;
			buildActionMask = 2147483647;
			files = (
			);
			runOnlyForDeploymentPostprocessing = 0;
		};
/* End PBXResourcesBuildPhase section */

/* Begin PBXSourcesBuildPhase section */
		31BF498F1D07D52E004F05C4 /* Sources */ = {
			isa = PBXSourcesBuildPhase;
			buildActionMask = 2147483647;
			files = (
				31BF49991D07D52E004F05C4 /* ViewController.swift in Sources */,
				31BF49971D07D52E004F05C4 /* AppDelegate.swift in Sources */,
			);
			runOnlyForDeploymentPostprocessing = 0;
		};
		31BF49A31D07D52F004F05C4 /* Sources */ = {
			isa = PBXSourcesBuildPhase;
			buildActionMask = 2147483647;
			files = (
				31BF49AC1D07D52F004F05C4 /* Is_it_PrimeTests.swift in Sources */,
			);
			runOnlyForDeploymentPostprocessing = 0;
		};
		31BF49AE1D07D52F004F05C4 /* Sources */ = {
			isa = PBXSourcesBuildPhase;
			buildActionMask = 2147483647;
			files = (
				31BF49B71D07D52F004F05C4 /* Is_it_PrimeUITests.swift in Sources */,
			);
			runOnlyForDeploymentPostprocessing = 0;
		};
/* End PBXSourcesBuildPhase section */

/* Begin PBXTargetDependency section */
		31BF49A91D07D52F004F05C4 /* PBXTargetDependency */ = {
			isa = PBXTargetDependency;
			target = 31BF49921D07D52E004F05C4 /* Is it Prime */;
			targetProxy = 31BF49A81D07D52F004F05C4 /* PBXContainerItemProxy */;
		};
		31BF49B41D07D52F004F05C4 /* PBXTargetDependency */ = {
			isa = PBXTargetDependency;
			target = 31BF49921D07D52E004F05C4 /* Is it Prime */;
			targetProxy = 31BF49B31D07D52F004F05C4 /* PBXContainerItemProxy */;
		};
/* End PBXTargetDependency section */

/* Begin PBXVariantGroup section */
		31BF499A1D07D52E004F05C4 /* Main.storyboard */ = {
			isa = PBXVariantGroup;
			children = (
				31BF499B1D07D52E004F05C4 /* Base */,
			);
			name = Main.storyboard;
			sourceTree = "<group>";
		};
		31BF499F1D07D52E004F05C4 /* LaunchScreen.storyboard */ = {
			isa = PBXVariantGroup;
			children = (
				31BF49A01D07D52E004F05C4 /* Base */,
			);
			name = LaunchScreen.storyboard;
			sourceTree = "<group>";
		};
/* End PBXVariantGroup section */

/* Begin XCBuildConfiguration section */
		31BF49B91D07D52F004F05C4 /* Debug */ = {
			isa = XCBuildConfiguration;
			buildSettings = {
				ALWAYS_SEARCH_USER_PATHS = NO;
				CLANG_ANALYZER_NONNULL = YES;
				CLANG_CXX_LANGUAGE_STANDARD = "gnu++0x";
				CLANG_CXX_LIBRARY = "libc++";
				CLANG_ENABLE_MODULES = YES;
				CLANG_ENABLE_OBJC_ARC = YES;
				CLANG_WARN_BOOL_CONVERSION = YES;
				CLANG_WARN_CONSTANT_CONVERSION = YES;
				CLANG_WARN_DIRECT_OBJC_ISA_USAGE = YES_ERROR;
				CLANG_WARN_EMPTY_BODY = YES;
				CLANG_WARN_ENUM_CONVERSION = YES;
				CLANG_WARN_INT_CONVERSION = YES;
				CLANG_WARN_OBJC_ROOT_CLASS = YES_ERROR;
				CLANG_WARN_UNREACHABLE_CODE = YES;
				CLANG_WARN__DUPLICATE_METHOD_MATCH = YES;
				"CODE_SIGN_IDENTITY[sdk=iphoneos*]" = "iPhone Developer";
				COPY_PHASE_STRIP = NO;
				DEBUG_INFORMATION_FORMAT = dwarf;
				ENABLE_STRICT_OBJC_MSGSEND = YES;
				ENABLE_TESTABILITY = YES;
				GCC_C_LANGUAGE_STANDARD = gnu99;
				GCC_DYNAMIC_NO_PIC = NO;
				GCC_NO_COMMON_BLOCKS = YES;
				GCC_OPTIMIZATION_LEVEL = 0;
				GCC_PREPROCESSOR_DEFINITIONS = (
					"DEBUG=1",
					"$(inherited)",
				);
				GCC_WARN_64_TO_32_BIT_CONVERSION = YES;
				GCC_WARN_ABOUT_RETURN_TYPE = YES_ERROR;
				GCC_WARN_UNDECLARED_SELECTOR = YES;
				GCC_WARN_UNINITIALIZED_AUTOS = YES_AGGRESSIVE;
				GCC_WARN_UNUSED_FUNCTION = YES;
				GCC_WARN_UNUSED_VARIABLE = YES;
				IPHONEOS_DEPLOYMENT_TARGET = 9.3;
				MTL_ENABLE_DEBUG_INFO = YES;
				ONLY_ACTIVE_ARCH = YES;
				SDKROOT = iphoneos;
				SWIFT_OPTIMIZATION_LEVEL = "-Onone";
			};
			name = Debug;
		};
		31BF49BA1D07D52F004F05C4 /* Release */ = {
			isa = XCBuildConfiguration;
			buildSettings = {
				ALWAYS_SEARCH_USER_PATHS = NO;
				CLANG_ANALYZER_NONNULL = YES;
				CLANG_CXX_LANGUAGE_STANDARD = "gnu++0x";
				CLANG_CXX_LIBRARY = "libc++";
				CLANG_ENABLE_MODULES = YES;
				CLANG_ENABLE_OBJC_ARC = YES;
				CLANG_WARN_BOOL_CONVERSION = YES;
				CLANG_WARN_CONSTANT_CONVERSION = YES;
				CLANG_WARN_DIRECT_OBJC_ISA_USAGE = YES_ERROR;
				CLANG_WARN_EMPTY_BODY = YES;
				CLANG_WARN_ENUM_CONVERSION = YES;
				CLANG_WARN_INT_CONVERSION = YES;
				CLANG_WARN_OBJC_ROOT_CLASS = YES_ERROR;
				CLANG_WARN_UNREACHABLE_CODE = YES;
				CLANG_WARN__DUPLICATE_METHOD_MATCH = YES;
				"CODE_SIGN_IDENTITY[sdk=iphoneos*]" = "iPhone Developer";
				COPY_PHASE_STRIP = NO;
				DEBUG_INFORMATION_FORMAT = "dwarf-with-dsym";
				ENABLE_NS_ASSERTIONS = NO;
				ENABLE_STRICT_OBJC_MSGSEND = YES;
				GCC_C_LANGUAGE_STANDARD = gnu99;
				GCC_NO_COMMON_BLOCKS = YES;
				GCC_WARN_64_TO_32_BIT_CONVERSION = YES;
				GCC_WARN_ABOUT_RETURN_TYPE = YES_ERROR;
				GCC_WARN_UNDECLARED_SELECTOR = YES;
				GCC_WARN_UNINITIALIZED_AUTOS = YES_AGGRESSIVE;
				GCC_WARN_UNUSED_FUNCTION = YES;
				GCC_WARN_UNUSED_VARIABLE = YES;
				IPHONEOS_DEPLOYMENT_TARGET = 9.3;
				MTL_ENABLE_DEBUG_INFO = NO;
				SDKROOT = iphoneos;
				VALIDATE_PRODUCT = YES;
			};
			name = Release;
		};
		31BF49BC1D07D52F004F05C4 /* Debug */ = {
			isa = XCBuildConfiguration;
			buildSettings = {
				ASSETCATALOG_COMPILER_APPICON_NAME = AppIcon;
				INFOPLIST_FILE = "Is it Prime/Info.plist";
				LD_RUNPATH_SEARCH_PATHS = "$(inherited) @executable_path/Frameworks";
				PRODUCT_BUNDLE_IDENTIFIER = "com.nicolashoban.Is-it-Prime";
				PRODUCT_NAME = "$(TARGET_NAME)";
			};
			name = Debug;
		};
		31BF49BD1D07D52F004F05C4 /* Release */ = {
			isa = XCBuildConfiguration;
			buildSettings = {
				ASSETCATALOG_COMPILER_APPICON_NAME = AppIcon;
				INFOPLIST_FILE = "Is it Prime/Info.plist";
				LD_RUNPATH_SEARCH_PATHS = "$(inherited) @executable_path/Frameworks";
				PRODUCT_BUNDLE_IDENTIFIER = "com.nicolashoban.Is-it-Prime";
				PRODUCT_NAME = "$(TARGET_NAME)";
			};
			name = Release;
		};
		31BF49BF1D07D52F004F05C4 /* Debug */ = {
			isa = XCBuildConfiguration;
			buildSettings = {
				BUNDLE_LOADER = "$(TEST_HOST)";
				INFOPLIST_FILE = "Is it PrimeTests/Info.plist";
				LD_RUNPATH_SEARCH_PATHS = "$(inherited) @executable_path/Frameworks @loader_path/Frameworks";
				PRODUCT_BUNDLE_IDENTIFIER = "com.nicolashoban.Is-it-PrimeTests";
				PRODUCT_NAME = "$(TARGET_NAME)";
				TEST_HOST = "$(BUILT_PRODUCTS_DIR)/Is it Prime.app/Is it Prime";
			};
			name = Debug;
		};
		31BF49C01D07D52F004F05C4 /* Release */ = {
			isa = XCBuildConfiguration;
			buildSettings = {
				BUNDLE_LOADER = "$(TEST_HOST)";
				INFOPLIST_FILE = "Is it PrimeTests/Info.plist";
				LD_RUNPATH_SEARCH_PATHS = "$(inherited) @executable_path/Frameworks @loader_path/Frameworks";
				PRODUCT_BUNDLE_IDENTIFIER = "com.nicolashoban.Is-it-PrimeTests";
				PRODUCT_NAME = "$(TARGET_NAME)";
				TEST_HOST = "$(BUILT_PRODUCTS_DIR)/Is it Prime.app/Is it Prime";
			};
			name = Release;
		};
		31BF49C21D07D52F004F05C4 /* Debug */ = {
			isa = XCBuildConfiguration;
			buildSettings = {
				INFOPLIST_FILE = "Is it PrimeUITests/Info.plist";
				LD_RUNPATH_SEARCH_PATHS = "$(inherited) @executable_path/Frameworks @loader_path/Frameworks";
				PRODUCT_BUNDLE_IDENTIFIER = "com.nicolashoban.Is-it-PrimeUITests";
				PRODUCT_NAME = "$(TARGET_NAME)";
				TEST_TARGET_NAME = "Is it Prime";
			};
			name = Debug;
		};
		31BF49C31D07D52F004F05C4 /* Release */ = {
			isa = XCBuildConfiguration;
			buildSettings = {
				INFOPLIST_FILE = "Is it PrimeUITests/Info.plist";
				LD_RUNPATH_SEARCH_PATHS = "$(inherited) @executable_path/Frameworks @loader_path/Frameworks";
				PRODUCT_BUNDLE_IDENTIFIER = "com.nicolashoban.Is-it-PrimeUITests";
				PRODUCT_NAME = "$(TARGET_NAME)";
				TEST_TARGET_NAME = "Is it Prime";
			};
			name = Release;
		};
/* End XCBuildConfiguration section */

/* Begin XCConfigurationList section */
		31BF498E1D07D52E004F05C4 /* Build configuration list for PBXProject "Is it Prime" */ = {
			isa = XCConfigurationList;
			buildConfigurations = (
				31BF49B91D07D52F004F05C4 /* Debug */,
				31BF49BA1D07D52F004F05C4 /* Release */,
			);
			defaultConfigurationIsVisible = 0;
			defaultConfigurationName = Release;
		};
		31BF49BB1D07D52F004F05C4 /* Build configuration list for PBXNativeTarget "Is it Prime" */ = {
			isa = XCConfigurationList;
			buildConfigurations = (
				31BF49BC1D07D52F004F05C4 /* Debug */,
				31BF49BD1D07D52F004F05C4 /* Release */,
			);
			defaultConfigurationIsVisible = 0;
		};
		31BF49BE1D07D52F004F05C4 /* Build configuration list for PBXNativeTarget "Is it PrimeTests" */ = {
			isa = XCConfigurationList;
			buildConfigurations = (
				31BF49BF1D07D52F004F05C4 /* Debug */,
				31BF49C01D07D52F004F05C4 /* Release */,
			);
			defaultConfigurationIsVisible = 0;
		};
		31BF49C11D07D52F004F05C4 /* Build configuration list for PBXNativeTarget "Is it PrimeUITests" */ = {
			isa = XCConfigurationList;
			buildConfigurations = (
				31BF49C21D07D52F004F05C4 /* Debug */,
				31BF49C31D07D52F004F05C4 /* Release */,
			);
			defaultConfigurationIsVisible = 0;
		};
/* End XCConfigurationList section */
	};
	rootObject = 31BF498B1D07D52E004F05C4 /* Project object */;
}
